
Microsoft Visual Studio Solution File, Format Version 12.00
# Visual Studio Version 17
VisualStudioVersion = 17.12.35323.107
MinimumVisualStudioVersion = 10.0.40219.1
Project("{8BC9CEB8-8B4A-11D0-8D11-00A0C91BC942}") = "💻 VRMS (Vehicle Rental Management System)_{6023}", "💻 VRMS (Vehicle Rental Management System)_{6023}.vcxproj", "{17D9F1A7-204A-4E15-B686-290350556501}"
EndProject
Global
	GlobalSection(SolutionConfigurationPlatforms) = preSolution
		Debug|x64 = Debug|x64
		Debug|x86 = Debug|x86
		Release|x64 = Release|x64
		Release|x86 = Release|x86
	EndGlobalSection
	GlobalSection(ProjectConfigurationPlatforms) = postSolution
		{17D9F1A7-204A-4E15-B686-290350556501}.Debug|x64.ActiveCfg = Debug|x64
		{17D9F1A7-204A-4E15-B686-290350556501}.Debug|x64.Build.0 = Debug|x64
		{17D9F1A7-204A-4E15-B686-290350556501}.Debug|x86.ActiveCfg = Debug|Win32
		{17D9F1A7-204A-4E15-B686-290350556501}.Debug|x86.Build.0 = Debug|Win32
		{17D9F1A7-204A-4E15-B686-290350556501}.Release|x64.ActiveCfg = Release|x64
		{17D9F1A7-204A-4E15-B686-290350556501}.Release|x64.Build.0 = Release|x64
		{17D9F1A7-204A-4E15-B686-290350556501}.Release|x86.ActiveCfg = Release|Win32
		{17D9F1A7-204A-4E15-B686-290350556501}.Release|x86.Build.0 = Release|Win32
	EndGlobalSection
	GlobalSection(SolutionProperties) = preSolution
		HideSolutionNode = FALSE
	EndGlobalSection
	GlobalSection(ExtensibilityGlobals) = postSolution
		SolutionGuid = {6C6280CC-0598-4148-B307-36991720D436}
	EndGlobalSection
EndGlobal
